
Microsoft Visual Studio Solution File, Format Version 12.00
# Visual Studio 15
VisualStudioVersion = 15.0.28010.2036
MinimumVisualStudioVersion = 10.0.40219.1
Project("{9A19103F-16F7-4668-BE54-9A1E7A4F7556}") = "LoteriaApi", "LoteriaApi\LoteriaApi.csproj", "{4E5B25E8-C591-4921-9937-EBB027B74C12}"
EndProject
Project("{FAE04EC0-301F-11D3-BF4B-00C04F79EFBC}") = "LoteriaAPiTest", "LoteriaAPiTest\LoteriaAPiTest.csproj", "{A3157F59-3154-4BB2-B956-0916F2A5AD2D}"
EndProject
Global
	GlobalSection(SolutionConfigurationPlatforms) = preSolution
		Debug|Any CPU = Debug|Any CPU
		Release|Any CPU = Release|Any CPU
	EndGlobalSection
	GlobalSection(ProjectConfigurationPlatforms) = postSolution
		{4E5B25E8-C591-4921-9937-EBB027B74C12}.Debug|Any CPU.ActiveCfg = Debug|Any CPU
		{4E5B25E8-C591-4921-9937-EBB027B74C12}.Debug|Any CPU.Build.0 = Debug|Any CPU
		{4E5B25E8-C591-4921-9937-EBB027B74C12}.Release|Any CPU.ActiveCfg = Release|Any CPU
		{4E5B25E8-C591-4921-9937-EBB027B74C12}.Release|Any CPU.Build.0 = Release|Any CPU
		{A3157F59-3154-4BB2-B956-0916F2A5AD2D}.Debug|Any CPU.ActiveCfg = Debug|Any CPU
		{A3157F59-3154-4BB2-B956-0916F2A5AD2D}.Debug|Any CPU.Build.0 = Debug|Any CPU
		{A3157F59-3154-4BB2-B956-0916F2A5AD2D}.Release|Any CPU.ActiveCfg = Release|Any CPU
		{A3157F59-3154-4BB2-B956-0916F2A5AD2D}.Release|Any CPU.Build.0 = Release|Any CPU
	EndGlobalSection
	GlobalSection(SolutionProperties) = preSolution
		HideSolutionNode = FALSE
	EndGlobalSection
	GlobalSection(ExtensibilityGlobals) = postSolution
		SolutionGuid = {45697BD7-87AA-416D-9484-0CCB821374C9}
	EndGlobalSection
EndGlobal
